Microsoft Visual Studio Solution File, Format Version 12.00
# Visual Studio Version 17
VisualStudioVersion = 17.5.2.0
MinimumVisualStudioVersion = 10.0.40219.1
Project("{FAE04EC0-301F-11D3-BF4B-00C04F79EFBC}") = "event-sourcing-demo", "event-sourcing-demo.csproj", "{8C41695E-B4E4-894D-E424-67DA8EA51273}"
EndProject
Global
	GlobalSection(SolutionConfigurationPlatforms) = preSolution
		Debug|Any CPU = Debug|Any CPU
		Release|Any CPU = Release|Any CPU
	EndGlobalSection
	GlobalSection(ProjectConfigurationPlatforms) = postSolution
		{8C41695E-B4E4-894D-E424-67DA8EA51273}.Debug|Any CPU.ActiveCfg = Debug|Any CPU
		{8C41695E-B4E4-894D-E424-67DA8EA51273}.Debug|Any CPU.Build.0 = Debug|Any CPU
		{8C41695E-B4E4-894D-E424-67DA8EA51273}.Release|Any CPU.ActiveCfg = Release|Any CPU
		{8C41695E-B4E4-894D-E424-67DA8EA51273}.Release|Any CPU.Build.0 = Release|Any CPU
	EndGlobalSection
	GlobalSection(SolutionProperties) = preSolution
		HideSolutionNode = FALSE
	EndGlobalSection
	GlobalSection(ExtensibilityGlobals) = postSolution
		SolutionGuid = {D93748D4-BCCC-4C6A-B038-1E0C102E49A9}
	EndGlobalSection
EndGlobal
